
Microsoft Visual Studio Solution File, Format Version 12.00
# Visual Studio Version 16
VisualStudioVersion = 16.0.31019.35
MinimumVisualStudioVersion = 10.0.40219.1
Project("{FAE04EC0-301F-11D3-BF4B-00C04F79EFBC}") = "ApiExplorer", "ApiExplorer\ApiExplorer.csproj", "{8B8982BB-FA62-44B8-AC0A-39428160408D}"
EndProject
Global
	GlobalSection(SolutionConfigurationPlatforms) = preSolution
		Debug|Any CPU = Debug|Any CPU
		Release|Any CPU = Release|Any CPU
	EndGlobalSection
	GlobalSection(ProjectConfigurationPlatforms) = postSolution
		{8B8982BB-FA62-44B8-AC0A-39428160408D}.Debug|Any CPU.ActiveCfg = Debug|Any CPU
		{8B8982BB-FA62-44B8-AC0A-39428160408D}.Debug|Any CPU.Build.0 = Debug|Any CPU
		{8B8982BB-FA62-44B8-AC0A-39428160408D}.Release|Any CPU.ActiveCfg = Release|Any CPU
		{8B8982BB-FA62-44B8-AC0A-39428160408D}.Release|Any CPU.Build.0 = Release|Any CPU
	EndGlobalSection
	GlobalSection(SolutionProperties) = preSolution
		HideSolutionNode = FALSE
	EndGlobalSection
	GlobalSection(ExtensibilityGlobals) = postSolution
		SolutionGuid = {E118CBDE-2234-4940-A021-339FC454868E}
	EndGlobalSection
EndGlobal
